
Microsoft Visual Studio Solution File, Format Version 12.00
# Visual Studio 15
VisualStudioVersion = 15.0.28307.539
MinimumVisualStudioVersion = 10.0.40219.1
Project("{FAE04EC0-301F-11D3-BF4B-00C04F79EFBC}") = "Moq_learning", "Moq_learning\Moq_learning.csproj", "{3AFC28BD-0F66-46CD-AA1C-79CD467357EC}"
EndProject
Project("{FAE04EC0-301F-11D3-BF4B-00C04F79EFBC}") = "Moq_learningTeste", "Moq_learningTeste\Moq_learningTeste.csproj", "{65796A7E-0CD3-403E-B84B-F4C1B4EF5FF8}"
EndProject
Global
	GlobalSection(SolutionConfigurationPlatforms) = preSolution
		Debug|Any CPU = Debug|Any CPU
		Release|Any CPU = Release|Any CPU
	EndGlobalSection
	GlobalSection(ProjectConfigurationPlatforms) = postSolution
		{3AFC28BD-0F66-46CD-AA1C-79CD467357EC}.Debug|Any CPU.ActiveCfg = Debug|Any CPU
		{3AFC28BD-0F66-46CD-AA1C-79CD467357EC}.Debug|Any CPU.Build.0 = Debug|Any CPU
		{3AFC28BD-0F66-46CD-AA1C-79CD467357EC}.Release|Any CPU.ActiveCfg = Release|Any CPU
		{3AFC28BD-0F66-46CD-AA1C-79CD467357EC}.Release|Any CPU.Build.0 = Release|Any CPU
		{65796A7E-0CD3-403E-B84B-F4C1B4EF5FF8}.Debug|Any CPU.ActiveCfg = Debug|Any CPU
		{65796A7E-0CD3-403E-B84B-F4C1B4EF5FF8}.Debug|Any CPU.Build.0 = Debug|Any CPU
		{65796A7E-0CD3-403E-B84B-F4C1B4EF5FF8}.Release|Any CPU.ActiveCfg = Release|Any CPU
		{65796A7E-0CD3-403E-B84B-F4C1B4EF5FF8}.Release|Any CPU.Build.0 = Release|Any CPU
	EndGlobalSection
	GlobalSection(SolutionProperties) = preSolution
		HideSolutionNode = FALSE
	EndGlobalSection
	GlobalSection(ExtensibilityGlobals) = postSolution
		SolutionGuid = {81153FD1-8B07-43B2-8EDF-36054DBE014C}
	EndGlobalSection
EndGlobal
